
Microsoft Visual Studio Solution File, Format Version 12.00
# Visual Studio Version 17
VisualStudioVersion = 17.10.35004.147
MinimumVisualStudioVersion = 10.0.40219.1
Project("{FAE04EC0-301F-11D3-BF4B-00C04F79EFBC}") = "back_messenger_signalr", "back_messenger_signalr\back_messenger_signalr.csproj", "{6E9865C8-1355-4BDA-BFB3-297C80DA9E81}"
EndProject
Global
	GlobalSection(SolutionConfigurationPlatforms) = preSolution
		Debug|Any CPU = Debug|Any CPU
		Release|Any CPU = Release|Any CPU
	EndGlobalSection
	GlobalSection(ProjectConfigurationPlatforms) = postSolution
		{6E9865C8-1355-4BDA-BFB3-297C80DA9E81}.Debug|Any CPU.ActiveCfg = Debug|Any CPU
		{6E9865C8-1355-4BDA-BFB3-297C80DA9E81}.Debug|Any CPU.Build.0 = Debug|Any CPU
		{6E9865C8-1355-4BDA-BFB3-297C80DA9E81}.Release|Any CPU.ActiveCfg = Release|Any CPU
		{6E9865C8-1355-4BDA-BFB3-297C80DA9E81}.Release|Any CPU.Build.0 = Release|Any CPU
	EndGlobalSection
	GlobalSection(SolutionProperties) = preSolution
		HideSolutionNode = FALSE
	EndGlobalSection
	GlobalSection(ExtensibilityGlobals) = postSolution
		SolutionGuid = {A83490F6-1977-4F70-A467-0F57C0BC669B}
	EndGlobalSection
EndGlobal
